
Microsoft Visual Studio Solution File, Format Version 12.00
# Visual Studio Version 17
VisualStudioVersion = 17.8.34330.188
MinimumVisualStudioVersion = 10.0.40219.1
Project("{FAE04EC0-301F-11D3-BF4B-00C04F79EFBC}") = "CzechTyper", "CzechTyper.csproj", "{7BA60B00-4F04-4D20-A506-4ECBC901E7A6}"
EndProject
Global
	GlobalSection(SolutionConfigurationPlatforms) = preSolution
		Debug|Any CPU = Debug|Any CPU
		Release|Any CPU = Release|Any CPU
	EndGlobalSection
	GlobalSection(ProjectConfigurationPlatforms) = postSolution
		{7BA60B00-4F04-4D20-A506-4ECBC901E7A6}.Debug|Any CPU.ActiveCfg = Debug|Any CPU
		{7BA60B00-4F04-4D20-A506-4ECBC901E7A6}.Debug|Any CPU.Build.0 = Debug|Any CPU
		{7BA60B00-4F04-4D20-A506-4ECBC901E7A6}.Release|Any CPU.ActiveCfg = Release|Any CPU
		{7BA60B00-4F04-4D20-A506-4ECBC901E7A6}.Release|Any CPU.Build.0 = Release|Any CPU
	EndGlobalSection
	GlobalSection(SolutionProperties) = preSolution
		HideSolutionNode = FALSE
	EndGlobalSection
	GlobalSection(ExtensibilityGlobals) = postSolution
		SolutionGuid = {D16CCE2E-721F-4381-8F44-ACB67B952A11}
	EndGlobalSection
EndGlobal
